// !$*UTF8*$!
{
	archiveVersion = 1;
	classes = {
	};
	objectVersion = 48;
	objects = {

/* Begin PBXBuildFile section */
		FD2064A81FBED87600290402 /* AppDelegate.m in Sources */ = {isa = PBXBuildFile; fileRef = FD2064A71FBED87600290402 /* AppDelegate.m */; };
		FD2064AB1FBED87700290402 /* ViewController.m in Sources */ = {isa = PBXBuildFile; fileRef = FD2064AA1FBED87700290402 /* ViewController.m */; };
		FD2064AE1FBED87700290402 /* Main.storyboard in Resources */ = {isa = PBXBuildFile; fileRef = FD2064AC1FBED87700290402 /* Main.storyboard */; };
		FD2064B01FBED87700290402 /* Assets.xcassets in Resources */ = {isa = PBXBuildFile; fileRef = FD2064AF1FBED87700290402 /* Assets.xcassets */; };
		FD2064B31FBED87700290402 /* LaunchScreen.storyboard in Resources */ = {isa = PBXBuildFile; fileRef = FD2064B11FBED87700290402 /* LaunchScreen.storyboard */; };
		FD2064B61FBED87700290402 /* main.m in Sources */ = {isa = PBXBuildFile; fileRef = FD2064B51FBED87700290402 /* main.m */; };
		FD2064C01FBED87700290402 /* YPLMenuControllerTests.m in Sources */ = {isa = PBXBuildFile; fileRef = FD2064BF1FBED87700290402 /* YPLMenuControllerTests.m */; };
/* End PBXBuildFile section */

/* Begin PBXContainerItemProxy section */
		FD2064BC1FBED87700290402 /* PBXContainerItemProxy */ = {
			isa = PBXContainerItemProxy;
			containerPortal = FD20649B1FBED87600290402 /* Project object */;
			proxyType = 1;
			remoteGlobalIDString = FD2064A21FBED87600290402;
			remoteInfo = YPLMenuController;
		};
/* End PBXContainerItemProxy section */

/* Begin PBXFileReference section */
		FD2064A31FBED87600290402 /* YPLMenuController.app */ = {isa = PBXFileReference; explicitFileType = wrapper.application; includeInIndex = 0; path = YPLMenuController.app; sourceTree = BUILT_PRODUCTS_DIR; };
		FD2064A61FBED87600290402 /* AppDelegate.h */ = {isa = PBXFileReference; lastKnownFileType = sourcecode.c.h; path = AppDelegate.h; sourceTree = "<group>"; };
		FD2064A71FBED87600290402 /* AppDelegate.m */ = {isa = PBXFileReference; lastKnownFileType = sourcecode.c.objc; path = AppDelegate.m; sourceTree = "<group>"; };
		FD2064A91FBED87700290402 /* ViewController.h */ = {isa = PBXFileReference; lastKnownFileType = sourcecode.c.h; path = ViewController.h; sourceTree = "<group>"; };
		FD2064AA1FBED87700290402 /* ViewController.m */ = {isa = PBXFileReference; lastKnownFileType = sourcecode.c.objc; path = ViewController.m; sourceTree = "<group>"; };
		FD2064AD1FBED87700290402 /* Base */ = {isa = PBXFileReference; lastKnownFileType = file.storyboard; name = Base; path = Base.lproj/Main.storyboard; sourceTree = "<group>"; };
		FD2064AF1FBED87700290402 /* Assets.xcassets */ = {isa = PBXFileReference; lastKnownFileType = folder.assetcatalog; path = Assets.xcassets; sourceTree = "<group>"; };
		FD2064B21FBED87700290402 /* Base */ = {isa = PBXFileReference; lastKnownFileType = file.storyboard; name = Base; path = Base.lproj/LaunchScreen.storyboard; sourceTree = "<group>"; };
		FD2064B41FBED87700290402 /* Info.plist */ = {isa = PBXFileReference; lastKnownFileType = text.plist.xml; path = Info.plist; sourceTree = "<group>"; };
		FD2064B51FBED87700290402 /* main.m */ = {isa = PBXFileReference; lastKnownFileType = sourcecode.c.objc; path = main.m; sourceTree = "<group>"; };
		FD2064BB1FBED87700290402 /* YPLMenuControllerTests.xctest */ = {isa = PBXFileReference; explicitFileType = wrapper.cfbundle; includeInIndex = 0; path = YPLMenuControllerTests.xctest; sourceTree = BUILT_PRODUCTS_DIR; };
		FD2064BF1FBED87700290402 /* YPLMenuControllerTests.m */ = {isa = PBXFileReference; lastKnownFileType = sourcecode.c.objc; path = YPLMenuControllerTests.m; sourceTree = "<group>"; };
		FD2064C11FBED87700290402 /* Info.plist */ = {isa = PBXFileReference; lastKnownFileType = text.plist.xml; path = Info.plist; sourceTree = "<group>"; };
/* End PBXFileReference section */

/* Begin PBXFrameworksBuildPhase section */
		FD2064A01FBED87600290402 /* Frameworks */ = {
			isa = PBXFrameworksBuildPhase;
			buildActionMask = 2147483647;
			files = (
			);
			runOnlyForDeploymentPostprocessing = 0;
		};
		FD2064B81FBED87700290402 /* Frameworks */ = {
			isa = PBXFrameworksBuildPhase;
			buildActionMask = 2147483647;
			files = (
			);
			runOnlyForDeploymentPostprocessing = 0;
		};
/* End PBXFrameworksBuildPhase section */

/* Begin PBXGroup section */
		FD20649A1FBED87600290402 = {
			isa = PBXGroup;
			children = (
				FD2064A51FBED87600290402 /* YPLMenuController */,
				FD2064BE1FBED87700290402 /* YPLMenuControllerTests */,
				FD2064A41FBED87600290402 /* Products */,
			);
			sourceTree = "<group>";
		};
		FD2064A41FBED87600290402 /* Products */ = {
			isa = PBXGroup;
			children = (
				FD2064A31FBED87600290402 /* YPLMenuController.app */,
				FD2064BB1FBED87700290402 /* YPLMenuControllerTests.xctest */,
			);
			name = Products;
			sourceTree = "<group>";
		};
		FD2064A51FBED87600290402 /* YPLMenuController */ = {
			isa = PBXGroup;
			children = (
				FD2064A61FBED87600290402 /* AppDelegate.h */,
				FD2064A71FBED87600290402 /* AppDelegate.m */,
				FD2064A91FBED87700290402 /* ViewController.h */,
				FD2064AA1FBED87700290402 /* ViewController.m */,
				FD2064AC1FBED87700290402 /* Main.storyboard */,
				FD2064AF1FBED87700290402 /* Assets.xcassets */,
				FD2064B11FBED87700290402 /* LaunchScreen.storyboard */,
				FD2064B41FBED87700290402 /* Info.plist */,
				FD2064B51FBED87700290402 /* main.m */,
			);
			path = YPLMenuController;
			sourceTree = "<group>";
		};
		FD2064BE1FBED87700290402 /* YPLMenuControllerTests */ = {
			isa = PBXGroup;
			children = (
				FD2064BF1FBED87700290402 /* YPLMenuControllerTests.m */,
				FD2064C11FBED87700290402 /* Info.plist */,
			);
			path = YPLMenuControllerTests;
			sourceTree = "<group>";
		};
/* End PBXGroup section */

/* Begin PBXNativeTarget section */
		FD2064A21FBED87600290402 /* YPLMenuController */ = {
			isa = PBXNativeTarget;
			buildConfigurationList = FD2064C41FBED87700290402 /* Build configuration list for PBXNativeTarget "YPLMenuController" */;
			buildPhases = (
				FD20649F1FBED87600290402 /* Sources */,
				FD2064A01FBED87600290402 /* Frameworks */,
				FD2064A11FBED87600290402 /* Resources */,
			);
			buildRules = (
			);
			dependencies = (
			);
			name = YPLMenuController;
			productName = YPLMenuController;
			productReference = FD2064A31FBED87600290402 /* YPLMenuController.app */;
			productType = "com.apple.product-type.application";
		};
		FD2064BA1FBED87700290402 /* YPLMenuControllerTests */ = {
			isa = PBXNativeTarget;
			buildConfigurationList = FD2064C71FBED87700290402 /* Build configuration list for PBXNativeTarget "YPLMenuControllerTests" */;
			buildPhases = (
				FD2064B71FBED87700290402 /* Sources */,
				FD2064B81FBED87700290402 /* Frameworks */,
				FD2064B91FBED87700290402 /* Resources */,
			);
			buildRules = (
			);
			dependencies = (
				FD2064BD1FBED87700290402 /* PBXTargetDependency */,
			);
			name = YPLMenuControllerTests;
			productName = YPLMenuControllerTests;
			productReference = FD2064BB1FBED87700290402 /* YPLMenuControllerTests.xctest */;
			productType = "com.apple.product-type.bundle.unit-test";
		};
/* End PBXNativeTarget section */

/* Begin PBXProject section */
		FD20649B1FBED87600290402 /* Project object */ = {
			isa = PBXProject;
			attributes = {
				LastUpgradeCheck = 0910;
				ORGANIZATIONNAME = "PL Technology";
				TargetAttributes = {
					FD2064A21FBED87600290402 = {
						CreatedOnToolsVersion = 9.1;
						ProvisioningStyle = Automatic;
					};
					FD2064BA1FBED87700290402 = {
						CreatedOnToolsVersion = 9.1;
						ProvisioningStyle = Automatic;
						TestTargetID = FD2064A21FBED87600290402;
					};
				};
			};
			buildConfigurationList = FD20649E1FBED87600290402 /* Build configuration list for PBXProject "YPLMenuController" */;
			compatibilityVersion = "Xcode 8.0";
			developmentRegion = en;
			hasScannedForEncodings = 0;
			knownRegions = (
				en,
				Base,
			);
			mainGroup = FD20649A1FBED87600290402;
			productRefGroup = FD2064A41FBED87600290402 /* Products */;
			projectDirPath = "";
			projectRoot = "";
			targets = (
				FD2064A21FBED87600290402 /* YPLMenuController */,
				FD2064BA1FBED87700290402 /* YPLMenuControllerTests */,
			);
		};
/* End PBXProject section */

/* Begin PBXResourcesBuildPhase section */
		FD2064A11FBED87600290402 /* Resources */ = {
			isa = PBXResourcesBuildPhase;
			buildActionMask = 2147483647;
			files = (
				FD2064B31FBED87700290402 /* LaunchScreen.storyboard in Resources */,
				FD2064B01FBED87700290402 /* Assets.xcassets in Resources */,
				FD2064AE1FBED87700290402 /* Main.storyboard in Resources */,
			);
			runOnlyForDeploymentPostprocessing = 0;
		};
		FD2064B91FBED87700290402 /* Resources */ = {
			isa = PBXResourcesBuildPhase;
			buildActionMask = 2147483647;
			files = (
			);
			runOnlyForDeploymentPostprocessing = 0;
		};
/* End PBXResourcesBuildPhase section */

/* Begin PBXSourcesBuildPhase section */
		FD20649F1FBED87600290402 /* Sources */ = {
			isa = PBXSourcesBuildPhase;
			buildActionMask = 2147483647;
			files = (
				FD2064AB1FBED87700290402 /* ViewController.m in Sources */,
				FD2064B61FBED87700290402 /* main.m in Sources */,
				FD2064A81FBED87600290402 /* AppDelegate.m in Sources */,
			);
			runOnlyForDeploymentPostprocessing = 0;
		};
		FD2064B71FBED87700290402 /* Sources */ = {
			isa = PBXSourcesBuildPhase;
			buildActionMask = 2147483647;
			files = (
				FD2064C01FBED87700290402 /* YPLMenuControllerTests.m in Sources */,
			);
			runOnlyForDeploymentPostprocessing = 0;
		};
/* End PBXSourcesBuildPhase section */

/* Begin PBXTargetDependency section */
		FD2064BD1FBED87700290402 /* PBXTargetDependency */ = {
			isa = PBXTargetDependency;
			target = FD2064A21FBED87600290402 /* YPLMenuController */;
			targetProxy = FD2064BC1FBED87700290402 /* PBXContainerItemProxy */;
		};
/* End PBXTargetDependency section */

/* Begin PBXVariantGroup section */
		FD2064AC1FBED87700290402 /* Main.storyboard */ = {
			isa = PBXVariantGroup;
			children = (
				FD2064AD1FBED87700290402 /* Base */,
			);
			name = Main.storyboard;
			sourceTree = "<group>";
		};
		FD2064B11FBED87700290402 /* LaunchScreen.storyboard */ = {
			isa = PBXVariantGroup;
			children = (
				FD2064B21FBED87700290402 /* Base */,
			);
			name = LaunchScreen.storyboard;
			sourceTree = "<group>";
		};
/* End PBXVariantGroup section */

/* Begin XCBuildConfiguration section */
		FD2064C21FBED87700290402 /* Debug */ = {
			isa = XCBuildConfiguration;
			buildSettings = {
				ALWAYS_SEARCH_USER_PATHS = NO;
				CLANG_ANALYZER_NONNULL = YES;
				CLANG_ANALYZER_NUMBER_OBJECT_CONVERSION = YES_AGGRESSIVE;
				CLANG_CXX_LANGUAGE_STANDARD = "gnu++14";
				CLANG_CXX_LIBRARY = "libc++";
				CLANG_ENABLE_MODULES = YES;
				CLANG_ENABLE_OBJC_ARC = YES;
				CLANG_WARN_BLOCK_CAPTURE_AUTORELEASING = YES;
				CLANG_WARN_BOOL_CONVERSION = YES;
				CLANG_WARN_COMMA = YES;
				CLANG_WARN_CONSTANT_CONVERSION = YES;
				CLANG_WARN_DIRECT_OBJC_ISA_USAGE = YES_ERROR;
				CLANG_WARN_DOCUMENTATION_COMMENTS = YES;
				CLANG_WARN_EMPTY_BODY = YES;
				CLANG_WARN_ENUM_CONVERSION = YES;
				CLANG_WARN_INFINITE_RECURSION = YES;
				CLANG_WARN_INT_CONVERSION = YES;
				CLANG_WARN_NON_LITERAL_NULL_CONVERSION = YES;
				CLANG_WARN_OBJC_LITERAL_CONVERSION = YES;
				CLANG_WARN_OBJC_ROOT_CLASS = YES_ERROR;
				CLANG_WARN_RANGE_LOOP_ANALYSIS = YES;
				CLANG_WARN_STRICT_PROTOTYPES = YES;
				CLANG_WARN_SUSPICIOUS_MOVE = YES;
				CLANG_WARN_UNGUARDED_AVAILABILITY = YES_AGGRESSIVE;
				CLANG_WARN_UNREACHABLE_CODE = YES;
				CLANG_WARN__DUPLICATE_METHOD_MATCH = YES;
				CODE_SIGN_IDENTITY = "iPhone Developer";
				COPY_PHASE_STRIP = NO;
				DEBUG_INFORMATION_FORMAT = dwarf;
				ENABLE_STRICT_OBJC_MSGSEND = YES;
				ENABLE_TESTABILITY = YES;
				GCC_C_LANGUAGE_STANDARD = gnu11;
				GCC_DYNAMIC_NO_PIC = NO;
				GCC_NO_COMMON_BLOCKS = YES;
				GCC_OPTIMIZATION_LEVEL = 0;
				GCC_PREPROCESSOR_DEFINITIONS = (
					"DEBUG=1",
					"$(inherited)",
				);
				GCC_WARN_64_TO_32_BIT_CONVERSION = YES;
				GCC_WARN_ABOUT_RETURN_TYPE = YES_ERROR;
				GCC_WARN_UNDECLARED_SELECTOR = YES;
				GCC_WARN_UNINITIALIZED_AUTOS = YES_AGGRESSIVE;
				GCC_WARN_UNUSED_FUNCTION = YES;
				GCC_WARN_UNUSED_VARIABLE = YES;
				IPHONEOS_DEPLOYMENT_TARGET = 11.1;
				MTL_ENABLE_DEBUG_INFO = YES;
				ONLY_ACTIVE_ARCH = YES;
				SDKROOT = iphoneos;
			};
			name = Debug;
		};
		FD2064C31FBED87700290402 /* Release */ = {
			isa = XCBuildConfiguration;
			buildSettings = {
				ALWAYS_SEARCH_USER_PATHS = NO;
				CLANG_ANALYZER_NONNULL = YES;
				CLANG_ANALYZER_NUMBER_OBJECT_CONVERSION = YES_AGGRESSIVE;
				CLANG_CXX_LANGUAGE_STANDARD = "gnu++14";
				CLANG_CXX_LIBRARY = "libc++";
				CLANG_ENABLE_MODULES = YES;
				CLANG_ENABLE_OBJC_ARC = YES;
				CLANG_WARN_BLOCK_CAPTURE_AUTORELEASING = YES;
				CLANG_WARN_BOOL_CONVERSION = YES;
				CLANG_WARN_COMMA = YES;
				CLANG_WARN_CONSTANT_CONVERSION = YES;
				CLANG_WARN_DIRECT_OBJC_ISA_USAGE = YES_ERROR;
				CLANG_WARN_DOCUMENTATION_COMMENTS = YES;
				CLANG_WARN_EMPTY_BODY = YES;
				CLANG_WARN_ENUM_CONVERSION = YES;
				CLANG_WARN_INFINITE_RECURSION = YES;
				CLANG_WARN_INT_CONVERSION = YES;
				CLANG_WARN_NON_LITERAL_NULL_CONVERSION = YES;
				CLANG_WARN_OBJC_LITERAL_CONVERSION = YES;
				CLANG_WARN_OBJC_ROOT_CLASS = YES_ERROR;
				CLANG_WARN_RANGE_LOOP_ANALYSIS = YES;
				CLANG_WARN_STRICT_PROTOTYPES = YES;
				CLANG_WARN_SUSPICIOUS_MOVE = YES;
				CLANG_WARN_UNGUARDED_AVAILABILITY = YES_AGGRESSIVE;
				CLANG_WARN_UNREACHABLE_CODE = YES;
				CLANG_WARN__DUPLICATE_METHOD_MATCH = YES;
				CODE_SIGN_IDENTITY = "iPhone Developer";
				COPY_PHASE_STRIP = NO;
				DEBUG_INFORMATION_FORMAT = "dwarf-with-dsym";
				ENABLE_NS_ASSERTIONS = NO;
				ENABLE_STRICT_OBJC_MSGSEND = YES;
				GCC_C_LANGUAGE_STANDARD = gnu11;
				GCC_NO_COMMON_BLOCKS = YES;
				GCC_WARN_64_TO_32_BIT_CONVERSION = YES;
				GCC_WARN_ABOUT_RETURN_TYPE = YES_ERROR;
				GCC_WARN_UNDECLARED_SELECTOR = YES;
				GCC_WARN_UNINITIALIZED_AUTOS = YES_AGGRESSIVE;
				GCC_WARN_UNUSED_FUNCTION = YES;
				GCC_WARN_UNUSED_VARIABLE = YES;
				IPHONEOS_DEPLOYMENT_TARGET = 11.1;
				MTL_ENABLE_DEBUG_INFO = NO;
				SDKROOT = iphoneos;
				VALIDATE_PRODUCT = YES;
			};
			name = Release;
		};
		FD2064C51FBED87700290402 /* Debug */ = {
			isa = XCBuildConfiguration;
			buildSettings = {
				ASSETCATALOG_COMPILER_APPICON_NAME = AppIcon;
				CODE_SIGN_STYLE = Automatic;
				DEVELOPMENT_TEAM = G266G4297P;
				INFOPLIST_FILE = YPLMenuController/Info.plist;
				IPHONEOS_DEPLOYMENT_TARGET = 8.0;
				LD_RUNPATH_SEARCH_PATHS = "$(inherited) @executable_path/Frameworks";
				PRODUCT_BUNDLE_IDENTIFIER = test.liangzai.www.YPLMenuController;
				PRODUCT_NAME = "$(TARGET_NAME)";
				TARGETED_DEVICE_FAMILY = "1,2";
			};
			name = Debug;
		};
		FD2064C61FBED87700290402 /* Release */ = {
			isa = XCBuildConfiguration;
			buildSettings = {
				ASSETCATALOG_COMPILER_APPICON_NAME = AppIcon;
				CODE_SIGN_STYLE = Automatic;
				DEVELOPMENT_TEAM = G266G4297P;
				INFOPLIST_FILE = YPLMenuController/Info.plist;
				IPHONEOS_DEPLOYMENT_TARGET = 8.0;
				LD_RUNPATH_SEARCH_PATHS = "$(inherited) @executable_path/Frameworks";
				PRODUCT_BUNDLE_IDENTIFIER = test.liangzai.www.YPLMenuController;
				PRODUCT_NAME = "$(TARGET_NAME)";
				TARGETED_DEVICE_FAMILY = "1,2";
			};
			name = Release;
		};
		FD2064C81FBED87700290402 /* Debug */ = {
			isa = XCBuildConfiguration;
			buildSettings = {
				BUNDLE_LOADER = "$(TEST_HOST)";
				CODE_SIGN_STYLE = Automatic;
				DEVELOPMENT_TEAM = G266G4297P;
				INFOPLIST_FILE = YPLMenuControllerTests/Info.plist;
				LD_RUNPATH_SEARCH_PATHS = "$(inherited) @executable_path/Frameworks @loader_path/Frameworks";
				PRODUCT_BUNDLE_IDENTIFIER = test.liangzai.www.YPLMenuControllerTests;
				PRODUCT_NAME = "$(TARGET_NAME)";
				TARGETED_DEVICE_FAMILY = "1,2";
				TEST_HOST = "$(BUILT_PRODUCTS_DIR)/YPLMenuController.app/YPLMenuController";
			};
			name = Debug;
		};
		FD2064C91FBED87700290402 /* Release */ = {
			isa = XCBuildConfiguration;
			buildSettings = {
				BUNDLE_LOADER = "$(TEST_HOST)";
				CODE_SIGN_STYLE = Automatic;
				DEVELOPMENT_TEAM = G266G4297P;
				INFOPLIST_FILE = YPLMenuControllerTests/Info.plist;
				LD_RUNPATH_SEARCH_PATHS = "$(inherited) @executable_path/Frameworks @loader_path/Frameworks";
				PRODUCT_BUNDLE_IDENTIFIER = test.liangzai.www.YPLMenuControllerTests;
				PRODUCT_NAME = "$(TARGET_NAME)";
				TARGETED_DEVICE_FAMILY = "1,2";
				TEST_HOST = "$(BUILT_PRODUCTS_DIR)/YPLMenuController.app/YPLMenuController";
			};
			name = Release;
		};
/* End XCBuildConfiguration section */

/* Begin XCConfigurationList section */
		FD20649E1FBED87600290402 /* Build configuration list for PBXProject "YPLMenuController" */ = {
			isa = XCConfigurationList;
			buildConfigurations = (
				FD2064C21FBED87700290402 /* Debug */,
				FD2064C31FBED87700290402 /* Release */,
			);
			defaultConfigurationIsVisible = 0;
			defaultConfigurationName = Release;
		};
		FD2064C41FBED87700290402 /* Build configuration list for PBXNativeTarget "YPLMenuController" */ = {
			isa = XCConfigurationList;
			buildConfigurations = (
				FD2064C51FBED87700290402 /* Debug */,
				FD2064C61FBED87700290402 /* Release */,
			);
			defaultConfigurationIsVisible = 0;
			defaultConfigurationName = Release;
		};
		FD2064C71FBED87700290402 /* Build configuration list for PBXNativeTarget "YPLMenuControllerTests" */ = {
			isa = XCConfigurationList;
			buildConfigurations = (
				FD2064C81FBED87700290402 /* Debug */,
				FD2064C91FBED87700290402 /* Release */,
			);
			defaultConfigurationIsVisible = 0;
			defaultConfigurationName = Release;
		};
/* End XCConfigurationList section */
	};
	rootObject = FD20649B1FBED87600290402 /* Project object */;
}
